
Microsoft Visual Studio Solution File, Format Version 12.00
# Visual Studio Version 17
VisualStudioVersion = 17.3.32922.545
MinimumVisualStudioVersion = 10.0.40219.1
Project("{FAE04EC0-301F-11D3-BF4B-00C04F79EFBC}") = "breweries_and_bars", "breweries_and_bars\breweries_and_bars.csproj", "{629F2846-FA5E-4306-BB07-B4179356B619}"
EndProject
Project("{FAE04EC0-301F-11D3-BF4B-00C04F79EFBC}") = "breweries_and_bars_Test", "breweries_and_bars_Test\breweries_and_bars_Test.csproj", "{A695124F-239A-4851-A13D-6980B68AB19A}"
EndProject
Global
	GlobalSection(SolutionConfigurationPlatforms) = preSolution
		Debug|Any CPU = Debug|Any CPU
		Release|Any CPU = Release|Any CPU
	EndGlobalSection
	GlobalSection(ProjectConfigurationPlatforms) = postSolution
		{629F2846-FA5E-4306-BB07-B4179356B619}.Debug|Any CPU.ActiveCfg = Debug|Any CPU
		{629F2846-FA5E-4306-BB07-B4179356B619}.Debug|Any CPU.Build.0 = Debug|Any CPU
		{629F2846-FA5E-4306-BB07-B4179356B619}.Release|Any CPU.ActiveCfg = Release|Any CPU
		{629F2846-FA5E-4306-BB07-B4179356B619}.Release|Any CPU.Build.0 = Release|Any CPU
		{A695124F-239A-4851-A13D-6980B68AB19A}.Debug|Any CPU.ActiveCfg = Debug|Any CPU
		{A695124F-239A-4851-A13D-6980B68AB19A}.Debug|Any CPU.Build.0 = Debug|Any CPU
		{A695124F-239A-4851-A13D-6980B68AB19A}.Release|Any CPU.ActiveCfg = Release|Any CPU
		{A695124F-239A-4851-A13D-6980B68AB19A}.Release|Any CPU.Build.0 = Release|Any CPU
	EndGlobalSection
	GlobalSection(SolutionProperties) = preSolution
		HideSolutionNode = FALSE
	EndGlobalSection
	GlobalSection(ExtensibilityGlobals) = postSolution
		SolutionGuid = {AA5563B3-4275-4965-AF62-A3D6573E61EB}
	EndGlobalSection
EndGlobal
